PODS:
  - file_picker (0.0.1):
    - Flutter
  - Flutter (1.0.0)

DEPENDENCIES:
  - file_picker (from `.symlinks/plugins/file_picker/ios`)
  - Flutter (from `Flutter`)

EXTERNAL SOURCES:
  file_picker:
    :path: ".symlinks/plugins/file_picker/ios"
  Flutter:
    :path: Flutter

SPEC CHECKSUMS:
  file_picker: fb04e739ae6239a76ce1f571863a196a922c87d4
  Flutter: cabc95a1d2626b1b06e7179b784ebcf0c0cde467

PODFILE CHECKSUM: 021dac4a6fbd4907aaa95d3a563d9b556138f971

COCOAPODS: 1.16.2
